
Microsoft Visual Studio Solution File, Format Version 12.00
# Visual Studio Version 16
VisualStudioVersion = 16.0.30717.126
MinimumVisualStudioVersion = 10.0.40219.1
Project("{9A19103F-16F7-4668-BE54-9A1E7A4F7556}") = "AircashSimulator", "AircashSimulator\AircashSimulator.csproj", "{EBE1BE5B-D6AD-45C6-BB4C-C5E96FA9397D}"
EndProject
Project("{2150E333-8FDC-42A3-9474-1A3956D46DE8}") = "4. WebApi", "4. WebApi", "{36125E45-1638-401A-A999-AF59C64F2C02}"
EndProject
Project("{2150E333-8FDC-42A3-9474-1A3956D46DE8}") = "3. Services", "3. Services", "{CD3982EB-22A2-47A1-8FAE-D8555E6901AC}"
EndProject
Project("{2150E333-8FDC-42A3-9474-1A3956D46DE8}") = "0. CrossCutting", "0. CrossCutting", "{D195A165-103A-462E-AF6F-F19A8CB37F95}"
EndProject
Project("{2150E333-8FDC-42A3-9474-1A3956D46DE8}") = "1. Domain", "1. Domain", "{1689AA37-3BD9-489A-BFD0-256FAD885E98}"
EndProject
Project("{2150E333-8FDC-42A3-9474-1A3956D46DE8}") = "2. DataAccess", "2. DataAccess", "{1EC595C8-6B83-48B7-9D14-B06BFCDB0A0D}"
EndProject
Project("{9A19103F-16F7-4668-BE54-9A1E7A4F7556}") = "Services.AbonOnlinePartner", "Services.AbonOnlinePartner\Services.AbonOnlinePartner.csproj", "{2FCE2FED-2208-46C1-A1E0-499915B10C6C}"
EndProject
Project("{9A19103F-16F7-4668-BE54-9A1E7A4F7556}") = "Services.AbonSalePartner", "Services.AbonSalePartner\Services.AbonSalePartner.csproj", "{57731288-353D-4549-AD76-684DD6907241}"
EndProject
Project("{9A19103F-16F7-4668-BE54-9A1E7A4F7556}") = "DataAccess", "DataAccess\DataAccess.csproj", "{2215FCB8-F0E3-40FB-B38B-09461A66C748}"
EndProject
Project("{9A19103F-16F7-4668-BE54-9A1E7A4F7556}") = "Domain.Entities", "Domain.Entities\Domain.Entities.csproj", "{E092F178-8BEE-4187-AEAD-F85870C75029}"
EndProject
Project("{FAE04EC0-301F-11D3-BF4B-00C04F79EFBC}") = "Services.HttpRequest", "Services.HttpRequest\Services.HttpRequest.csproj", "{C4EBD360-D01E-4636-BB2A-B58A46FF02B1}"
EndProject
Global
	GlobalSection(SolutionConfigurationPlatforms) = preSolution
		Debug|Any CPU = Debug|Any CPU
		Release|Any CPU = Release|Any CPU
	EndGlobalSection
	GlobalSection(ProjectConfigurationPlatforms) = postSolution
		{EBE1BE5B-D6AD-45C6-BB4C-C5E96FA9397D}.Debug|Any CPU.ActiveCfg = Debug|Any CPU
		{EBE1BE5B-D6AD-45C6-BB4C-C5E96FA9397D}.Debug|Any CPU.Build.0 = Debug|Any CPU
		{EBE1BE5B-D6AD-45C6-BB4C-C5E96FA9397D}.Release|Any CPU.ActiveCfg = Release|Any CPU
		{EBE1BE5B-D6AD-45C6-BB4C-C5E96FA9397D}.Release|Any CPU.Build.0 = Release|Any CPU
		{2FCE2FED-2208-46C1-A1E0-499915B10C6C}.Debug|Any CPU.ActiveCfg = Debug|Any CPU
		{2FCE2FED-2208-46C1-A1E0-499915B10C6C}.Debug|Any CPU.Build.0 = Debug|Any CPU
		{2FCE2FED-2208-46C1-A1E0-499915B10C6C}.Release|Any CPU.ActiveCfg = Release|Any CPU
		{2FCE2FED-2208-46C1-A1E0-499915B10C6C}.Release|Any CPU.Build.0 = Release|Any CPU
		{57731288-353D-4549-AD76-684DD6907241}.Debug|Any CPU.ActiveCfg = Debug|Any CPU
		{57731288-353D-4549-AD76-684DD6907241}.Debug|Any CPU.Build.0 = Debug|Any CPU
		{57731288-353D-4549-AD76-684DD6907241}.Release|Any CPU.ActiveCfg = Release|Any CPU
		{57731288-353D-4549-AD76-684DD6907241}.Release|Any CPU.Build.0 = Release|Any CPU
		{2215FCB8-F0E3-40FB-B38B-09461A66C748}.Debug|Any CPU.ActiveCfg = Debug|Any CPU
		{2215FCB8-F0E3-40FB-B38B-09461A66C748}.Debug|Any CPU.Build.0 = Debug|Any CPU
		{2215FCB8-F0E3-40FB-B38B-09461A66C748}.Release|Any CPU.ActiveCfg = Release|Any CPU
		{2215FCB8-F0E3-40FB-B38B-09461A66C748}.Release|Any CPU.Build.0 = Release|Any CPU
		{E092F178-8BEE-4187-AEAD-F85870C75029}.Debug|Any CPU.ActiveCfg = Debug|Any CPU
		{E092F178-8BEE-4187-AEAD-F85870C75029}.Debug|Any CPU.Build.0 = Debug|Any CPU
		{E092F178-8BEE-4187-AEAD-F85870C75029}.Release|Any CPU.ActiveCfg = Release|Any CPU
		{E092F178-8BEE-4187-AEAD-F85870C75029}.Release|Any CPU.Build.0 = Release|Any CPU
		{C4EBD360-D01E-4636-BB2A-B58A46FF02B1}.Debug|Any CPU.ActiveCfg = Debug|Any CPU
		{C4EBD360-D01E-4636-BB2A-B58A46FF02B1}.Debug|Any CPU.Build.0 = Debug|Any CPU
		{C4EBD360-D01E-4636-BB2A-B58A46FF02B1}.Release|Any CPU.ActiveCfg = Release|Any CPU
		{C4EBD360-D01E-4636-BB2A-B58A46FF02B1}.Release|Any CPU.Build.0 = Release|Any CPU
	EndGlobalSection
	GlobalSection(SolutionProperties) = preSolution
		HideSolutionNode = FALSE
	EndGlobalSection
	GlobalSection(NestedProjects) = preSolution
		{EBE1BE5B-D6AD-45C6-BB4C-C5E96FA9397D} = {36125E45-1638-401A-A999-AF59C64F2C02}
		{2FCE2FED-2208-46C1-A1E0-499915B10C6C} = {CD3982EB-22A2-47A1-8FAE-D8555E6901AC}
		{57731288-353D-4549-AD76-684DD6907241} = {CD3982EB-22A2-47A1-8FAE-D8555E6901AC}
		{2215FCB8-F0E3-40FB-B38B-09461A66C748} = {1EC595C8-6B83-48B7-9D14-B06BFCDB0A0D}
		{E092F178-8BEE-4187-AEAD-F85870C75029} = {1689AA37-3BD9-489A-BFD0-256FAD885E98}
		{C4EBD360-D01E-4636-BB2A-B58A46FF02B1} = {CD3982EB-22A2-47A1-8FAE-D8555E6901AC}
	EndGlobalSection
	GlobalSection(ExtensibilityGlobals) = postSolution
		SolutionGuid = {7CF481FF-2B5A-4460-9F34-6A4EAED13029}
	EndGlobalSection
EndGlobal
